
Microsoft Visual Studio Solution File, Format Version 11.00
# Visual Studio 2010
Project("{FAE04EC0-301F-11D3-BF4B-00C04F79EFBC}") = "BiometricStoryboard", "BiometricStoryboard.csproj", "{D8FBEB61-9FE6-40F6-87B4-524C4C39A24D}"
EndProject
Global
	GlobalSection(SolutionConfigurationPlatforms) = preSolution
		Debug|Any CPU = Debug|Any CPU
		Release|Any CPU = Release|Any CPU
	EndGlobalSection
	GlobalSection(ProjectConfigurationPlatforms) = postSolution
		{D8FBEB61-9FE6-40F6-87B4-524C4C39A24D}.Debug|Any CPU.ActiveCfg = Debug|Any CPU
		{D8FBEB61-9FE6-40F6-87B4-524C4C39A24D}.Debug|Any CPU.Build.0 = Debug|Any CPU
		{D8FBEB61-9FE6-40F6-87B4-524C4C39A24D}.Release|Any CPU.ActiveCfg = Release|Any CPU
		{D8FBEB61-9FE6-40F6-87B4-524C4C39A24D}.Release|Any CPU.Build.0 = Release|Any CPU
	EndGlobalSection
	GlobalSection(SolutionProperties) = preSolution
		HideSolutionNode = FALSE
	EndGlobalSection
EndGlobal
